
Microsoft Visual Studio Solution File, Format Version 12.00
# Visual Studio 15
VisualStudioVersion = 15.0.28307.539
MinimumVisualStudioVersion = 10.0.40219.1
Project("{9A19103F-16F7-4668-BE54-9A1E7A4F7556}") = "ApiGatewayLambda", "ApiGatewayLambda\ApiGatewayLambda.csproj", "{6954028B-2E90-4A35-98C4-370DB010EAAA}"
EndProject
Project("{9A19103F-16F7-4668-BE54-9A1E7A4F7556}") = "SqsLambda", "SqsLambda\SqsLambda.csproj", "{D32E48F7-6AEC-42C6-8135-0E18BAB4D0D2}"
EndProject
Project("{FAE04EC0-301F-11D3-BF4B-00C04F79EFBC}") = "WebAppDocker", "WebAppDocker\WebAppDocker.csproj", "{E06A9D9D-96D1-4521-A9C9-FD59EE7E719C}"
EndProject
Project("{FAE04EC0-301F-11D3-BF4B-00C04F79EFBC}") = "TestManager", "TestManager\TestManager.csproj", "{7B9D1CC4-8A76-4ACA-A006-E83F8B47EDD5}"
EndProject
Global
	GlobalSection(SolutionConfigurationPlatforms) = preSolution
		Debug|Any CPU = Debug|Any CPU
		Release|Any CPU = Release|Any CPU
	EndGlobalSection
	GlobalSection(ProjectConfigurationPlatforms) = postSolution
		{6954028B-2E90-4A35-98C4-370DB010EAAA}.Debug|Any CPU.ActiveCfg = Debug|Any CPU
		{6954028B-2E90-4A35-98C4-370DB010EAAA}.Debug|Any CPU.Build.0 = Debug|Any CPU
		{6954028B-2E90-4A35-98C4-370DB010EAAA}.Release|Any CPU.ActiveCfg = Release|Any CPU
		{6954028B-2E90-4A35-98C4-370DB010EAAA}.Release|Any CPU.Build.0 = Release|Any CPU
		{D32E48F7-6AEC-42C6-8135-0E18BAB4D0D2}.Debug|Any CPU.ActiveCfg = Debug|Any CPU
		{D32E48F7-6AEC-42C6-8135-0E18BAB4D0D2}.Debug|Any CPU.Build.0 = Debug|Any CPU
		{D32E48F7-6AEC-42C6-8135-0E18BAB4D0D2}.Release|Any CPU.ActiveCfg = Release|Any CPU
		{D32E48F7-6AEC-42C6-8135-0E18BAB4D0D2}.Release|Any CPU.Build.0 = Release|Any CPU
		{E06A9D9D-96D1-4521-A9C9-FD59EE7E719C}.Debug|Any CPU.ActiveCfg = Debug|Any CPU
		{E06A9D9D-96D1-4521-A9C9-FD59EE7E719C}.Debug|Any CPU.Build.0 = Debug|Any CPU
		{E06A9D9D-96D1-4521-A9C9-FD59EE7E719C}.Release|Any CPU.ActiveCfg = Release|Any CPU
		{E06A9D9D-96D1-4521-A9C9-FD59EE7E719C}.Release|Any CPU.Build.0 = Release|Any CPU
		{7B9D1CC4-8A76-4ACA-A006-E83F8B47EDD5}.Debug|Any CPU.ActiveCfg = Debug|Any CPU
		{7B9D1CC4-8A76-4ACA-A006-E83F8B47EDD5}.Debug|Any CPU.Build.0 = Debug|Any CPU
		{7B9D1CC4-8A76-4ACA-A006-E83F8B47EDD5}.Release|Any CPU.ActiveCfg = Release|Any CPU
		{7B9D1CC4-8A76-4ACA-A006-E83F8B47EDD5}.Release|Any CPU.Build.0 = Release|Any CPU
	EndGlobalSection
	GlobalSection(SolutionProperties) = preSolution
		HideSolutionNode = FALSE
	EndGlobalSection
	GlobalSection(ExtensibilityGlobals) = postSolution
		SolutionGuid = {F49F9BFB-7255-437B-ACCD-5CF0A654335F}
	EndGlobalSection
EndGlobal
