
Microsoft Visual Studio Solution File, Format Version 12.00
# Visual Studio 15
VisualStudioVersion = 15.0.28307.136
MinimumVisualStudioVersion = 10.0.40219.1
Project("{FAE04EC0-301F-11D3-BF4B-00C04F79EFBC}") = "ZephyrCloudHelper.Net", "ZephyrCloudHelper.Net\ZephyrCloudHelper.Net.csproj", "{5F4F4DE3-F8E5-4280-B89D-69F484D555FD}"
EndProject
Project("{9A19103F-16F7-4668-BE54-9A1E7A4F7556}") = "ZephyrCloudHelper", "ZephyrCloudHelper\ZephyrCloudHelper.csproj", "{4581346A-EE64-4D5B-ADF0-B229E18A52C8}"
EndProject
Global
	GlobalSection(SolutionConfigurationPlatforms) = preSolution
		Debug|Any CPU = Debug|Any CPU
		Release|Any CPU = Release|Any CPU
	EndGlobalSection
	GlobalSection(ProjectConfigurationPlatforms) = postSolution
		{5F4F4DE3-F8E5-4280-B89D-69F484D555FD}.Debug|Any CPU.ActiveCfg = Debug|Any CPU
		{5F4F4DE3-F8E5-4280-B89D-69F484D555FD}.Debug|Any CPU.Build.0 = Debug|Any CPU
		{5F4F4DE3-F8E5-4280-B89D-69F484D555FD}.Release|Any CPU.ActiveCfg = Release|Any CPU
		{5F4F4DE3-F8E5-4280-B89D-69F484D555FD}.Release|Any CPU.Build.0 = Release|Any CPU
		{4581346A-EE64-4D5B-ADF0-B229E18A52C8}.Debug|Any CPU.ActiveCfg = Debug|Any CPU
		{4581346A-EE64-4D5B-ADF0-B229E18A52C8}.Debug|Any CPU.Build.0 = Debug|Any CPU
		{4581346A-EE64-4D5B-ADF0-B229E18A52C8}.Release|Any CPU.ActiveCfg = Release|Any CPU
		{4581346A-EE64-4D5B-ADF0-B229E18A52C8}.Release|Any CPU.Build.0 = Release|Any CPU
	EndGlobalSection
	GlobalSection(SolutionProperties) = preSolution
		HideSolutionNode = FALSE
	EndGlobalSection
	GlobalSection(ExtensibilityGlobals) = postSolution
		SolutionGuid = {0117A83B-8D1A-4850-886C-D9190D8ED28D}
	EndGlobalSection
EndGlobal
